
Microsoft Visual Studio Solution File, Format Version 12.00
# Visual Studio 15
VisualStudioVersion = 15.0.28307.902
MinimumVisualStudioVersion = 10.0.40219.1
Project("{FAE04EC0-301F-11D3-BF4B-00C04F79EFBC}") = "Cleverbit", "Cleverbit\Cleverbit.csproj", "{C8E22513-3F92-45A7-A520-5FCF71EC4FB0}"
EndProject
Project("{FAE04EC0-301F-11D3-BF4B-00C04F79EFBC}") = "Cleverbit.Data", "Cleverbit.Data\Cleverbit.Data.csproj", "{D343E6C1-1A14-467E-8C13-061EE2115295}"
EndProject
Global
	GlobalSection(SolutionConfigurationPlatforms) = preSolution
		Debug|Any CPU = Debug|Any CPU
		Release|Any CPU = Release|Any CPU
	EndGlobalSection
	GlobalSection(ProjectConfigurationPlatforms) = postSolution
		{C8E22513-3F92-45A7-A520-5FCF71EC4FB0}.Debug|Any CPU.ActiveCfg = Debug|Any CPU
		{C8E22513-3F92-45A7-A520-5FCF71EC4FB0}.Debug|Any CPU.Build.0 = Debug|Any CPU
		{C8E22513-3F92-45A7-A520-5FCF71EC4FB0}.Release|Any CPU.ActiveCfg = Release|Any CPU
		{C8E22513-3F92-45A7-A520-5FCF71EC4FB0}.Release|Any CPU.Build.0 = Release|Any CPU
		{D343E6C1-1A14-467E-8C13-061EE2115295}.Debug|Any CPU.ActiveCfg = Debug|Any CPU
		{D343E6C1-1A14-467E-8C13-061EE2115295}.Debug|Any CPU.Build.0 = Debug|Any CPU
		{D343E6C1-1A14-467E-8C13-061EE2115295}.Release|Any CPU.ActiveCfg = Release|Any CPU
		{D343E6C1-1A14-467E-8C13-061EE2115295}.Release|Any CPU.Build.0 = Release|Any CPU
	EndGlobalSection
	GlobalSection(SolutionProperties) = preSolution
		HideSolutionNode = FALSE
	EndGlobalSection
	GlobalSection(ExtensibilityGlobals) = postSolution
		EnterpriseLibraryConfigurationToolBinariesPath = packages\Unity.2.1.505.0\lib\NET35
		SolutionGuid = {8660EC06-642C-4AA3-BC0B-9DC9528C3A72}
	EndGlobalSection
EndGlobal
